
Microsoft Visual Studio Solution File, Format Version 12.00
# Visual Studio Version 17
VisualStudioVersion = 17.12.35323.107
MinimumVisualStudioVersion = 10.0.40219.1
Project("{FAE04EC0-301F-11D3-BF4B-00C04F79EFBC}") = "GenericsAndStuff", "GenericsAndStuff\GenericsAndStuff.csproj", "{B1FEEBAE-B251-4DF1-A073-10487BCCA7F4}"
EndProject
Project("{FAE04EC0-301F-11D3-BF4B-00C04F79EFBC}") = "GenericsAndStuffTests", "GenericsAndStuffTests\GenericsAndStuffTests.csproj", "{9EB3D8A9-B023-4959-BDC8-C0CA8EFA79B1}"
EndProject
Global
	GlobalSection(SolutionConfigurationPlatforms) = preSolution
		Debug|Any CPU = Debug|Any CPU
		Release|Any CPU = Release|Any CPU
	EndGlobalSection
	GlobalSection(ProjectConfigurationPlatforms) = postSolution
		{B1FEEBAE-B251-4DF1-A073-10487BCCA7F4}.Debug|Any CPU.ActiveCfg = Debug|Any CPU
		{B1FEEBAE-B251-4DF1-A073-10487BCCA7F4}.Debug|Any CPU.Build.0 = Debug|Any CPU
		{B1FEEBAE-B251-4DF1-A073-10487BCCA7F4}.Release|Any CPU.ActiveCfg = Release|Any CPU
		{B1FEEBAE-B251-4DF1-A073-10487BCCA7F4}.Release|Any CPU.Build.0 = Release|Any CPU
		{9EB3D8A9-B023-4959-BDC8-C0CA8EFA79B1}.Debug|Any CPU.ActiveCfg = Debug|Any CPU
		{9EB3D8A9-B023-4959-BDC8-C0CA8EFA79B1}.Debug|Any CPU.Build.0 = Debug|Any CPU
		{9EB3D8A9-B023-4959-BDC8-C0CA8EFA79B1}.Release|Any CPU.ActiveCfg = Release|Any CPU
		{9EB3D8A9-B023-4959-BDC8-C0CA8EFA79B1}.Release|Any CPU.Build.0 = Release|Any CPU
	EndGlobalSection
	GlobalSection(SolutionProperties) = preSolution
		HideSolutionNode = FALSE
	EndGlobalSection
	GlobalSection(ExtensibilityGlobals) = postSolution
		SolutionGuid = {4CC5531D-8FD0-435D-9DFF-412AFCD7421C}
	EndGlobalSection
EndGlobal
