
Microsoft Visual Studio Solution File, Format Version 12.00
# Visual Studio Version 17
VisualStudioVersion = 17.12.35506.116
MinimumVisualStudioVersion = 15.0.26124.0
Project("{FAE04EC0-301F-11D3-BF4B-00C04F79EFBC}") = "Assignment", "Assignment\Assignment.csproj", "{508DA6E6-E45D-4915-AB85-D11AD24C9421}"
EndProject
Project("{FAE04EC0-301F-11D3-BF4B-00C04F79EFBC}") = "Assignment.Interfaces", "Assignment.Interfaces\Assignment.Interfaces.csproj", "{D4350978-FEB4-4E84-BA73-7D86D208F0BB}"
EndProject
Project("{FAE04EC0-301F-11D3-BF4B-00C04F79EFBC}") = "Assignment.Tests", "Assignment.Tests\Assignment.Tests.csproj", "{A1B2C3D4-E5F6-7890-1234-56789ABCDEF0}"
Project("{66A26720-8FB5-11D2-AA7E-00C04F688DDE}") = "Solution Items", "Solution Items", "{A1B2C3D4-E5F6-7890-1234-56789ABCDEF1}"
	ProjectSection(SolutionItems) = preProject
		.editorconfig = .editorconfig
		Directory.Build.props = Directory.Build.props
	EndProjectSection
EndProject
Global
	GlobalSection(SolutionConfigurationPlatforms) = preSolution
		Debug|Any CPU = Debug|Any CPU
		Debug|x64 = Debug|x64
		Debug|x86 = Debug|x86
		Release|Any CPU = Release|Any CPU
		Release|x64 = Release|x64
		Release|x86 = Release|x86
	EndGlobalSection
	GlobalSection(SolutionProperties) = preSolution
		HideSolutionNode = FALSE
	EndGlobalSection
	GlobalSection(ProjectConfigurationPlatforms) = postSolution
		{90992280-A4B8-4752-8ED6-B7C7028D475E}.Debug|Any CPU.ActiveCfg = Debug|Any CPU
		{90992280-A4B8-4752-8ED6-B7C7028D475E}.Debug|Any CPU.Build.0 = Debug|Any CPU
		{90992280-A4B8-4752-8ED6-B7C7028D475E}.Debug|x64.ActiveCfg = Debug|x64
		{90992280-A4B8-4752-8ED6-B7C7028D475E}.Debug|x64.Build.0 = Debug|x64
		{90992280-A4B8-4752-8ED6-B7C7028D475E}.Debug|x86.ActiveCfg = Debug|x86
		{90992280-A4B8-4752-8ED6-B7C7028D475E}.Debug|x86.Build.0 = Debug|x86
		{90992280-A4B8-4752-8ED6-B7C7028D475E}.Release|Any CPU.ActiveCfg = Release|Any CPU
		{90992280-A4B8-4752-8ED6-B7C7028D475E}.Release|Any CPU.Build.0 = Release|Any CPU
		{90992280-A4B8-4752-8ED6-B7C7028D475E}.Release|x64.ActiveCfg = Release|x64
		{90992280-A4B8-4752-8ED6-B7C7028D475E}.Release|x64.Build.0 = Release|x64
		{90992280-A4B8-4752-8ED6-B7C7028D475E}.Release|x86.ActiveCfg = Release|x86
		{90992280-A4B8-4752-8ED6-B7C7028D475E}.Release|x86.Build.0 = Release|x86
		{D4350978-FEB4-4E84-BA73-7D86D208F0BB}.Debug|Any CPU.ActiveCfg = Debug|Any CPU
		{D4350978-FEB4-4E84-BA73-7D86D208F0BB}.Debug|Any CPU.Build.0 = Debug|Any CPU
		{D4350978-FEB4-4E84-BA73-7D86D208F0BB}.Debug|x64.ActiveCfg = Debug|x64
		{D4350978-FEB4-4E84-BA73-7D86D208F0BB}.Debug|x64.Build.0 = Debug|x64
		{D4350978-FEB4-4E84-BA73-7D86D208F0BB}.Debug|x86.ActiveCfg = Debug|x86
		{D4350978-FEB4-4E84-BA73-7D86D208F0BB}.Debug|x86.Build.0 = Debug|x86
		{D4350978-FEB4-4E84-BA73-7D86D208F0BB}.Release|Any CPU.ActiveCfg = Release|Any CPU
		{D4350978-FEB4-4E84-BA73-7D86D208F0BB}.Release|Any CPU.Build.0 = Release|Any CPU
		{D4350978-FEB4-4E84-BA73-7D86D208F0BB}.Release|x64.ActiveCfg = Release|x64
		{D4350978-FEB4-4E84-BA73-7D86D208F0BB}.Release|x64.Build.0 = Release|x64
		{D4350978-FEB4-4E84-BA73-7D86D208F0BB}.Release|x86.ActiveCfg = Release|x86
		{D4350978-FEB4-4E84-BA73-7D86D208F0BB}.Release|x86.Build.0 = Release|x86
	EndGlobalSection
	GlobalSection(SolutionProperties) = preSolution
		HideSolutionNode = FALSE
	EndGlobalSection
	GlobalSection(ExtensibilityGlobals) = postSolution
		SolutionGuid = {12345678-1234-1234-1234-123456789ABC}
	EndGlobalSection
EndGlobal
