
Microsoft Visual Studio Solution File, Format Version 12.00
# Visual Studio Version 17
VisualStudioVersion = 17.0.32014.148
MinimumVisualStudioVersion = 10.0.40219.1
Project("{FAE04EC0-301F-11D3-BF4B-00C04F79EFBC}") = "GenericsHomework", "GenericsHomework\GenericsHomework.csproj", "{7CE33A34-BB7D-4563-82EA-120028508F5E}"
EndProject
Project("{FAE04EC0-301F-11D3-BF4B-00C04F79EFBC}") = "GenericsHomework.Tests", "GenericsHomework.Tests\GenericsHomework.Tests.csproj", "{C6F51114-60EC-4DEA-8847-0AF6B9A8F474}"
EndProject
Global
	GlobalSection(SolutionConfigurationPlatforms) = preSolution
		Debug|Any CPU = Debug|Any CPU
		Release|Any CPU = Release|Any CPU
	EndGlobalSection
	GlobalSection(ProjectConfigurationPlatforms) = postSolution
		{7CE33A34-BB7D-4563-82EA-120028508F5E}.Debug|Any CPU.ActiveCfg = Debug|Any CPU
		{7CE33A34-BB7D-4563-82EA-120028508F5E}.Debug|Any CPU.Build.0 = Debug|Any CPU
		{7CE33A34-BB7D-4563-82EA-120028508F5E}.Release|Any CPU.ActiveCfg = Release|Any CPU
		{7CE33A34-BB7D-4563-82EA-120028508F5E}.Release|Any CPU.Build.0 = Release|Any CPU
		{C6F51114-60EC-4DEA-8847-0AF6B9A8F474}.Debug|Any CPU.ActiveCfg = Debug|Any CPU
		{C6F51114-60EC-4DEA-8847-0AF6B9A8F474}.Debug|Any CPU.Build.0 = Debug|Any CPU
		{C6F51114-60EC-4DEA-8847-0AF6B9A8F474}.Release|Any CPU.ActiveCfg = Release|Any CPU
		{C6F51114-60EC-4DEA-8847-0AF6B9A8F474}.Release|Any CPU.Build.0 = Release|Any CPU
	EndGlobalSection
	GlobalSection(SolutionProperties) = preSolution
		HideSolutionNode = FALSE
	EndGlobalSection
	GlobalSection(ExtensibilityGlobals) = postSolution
		SolutionGuid = {68879073-DCE8-4EB7-9791-0C2913C1A5D6}
	EndGlobalSection
EndGlobal
