
Microsoft Visual Studio Solution File, Format Version 12.00
# Visual Studio Version 16
VisualStudioVersion = 25.0.1706.14
MinimumVisualStudioVersion = 10.0.40219.1
Project("{FAE04EC0-301F-11D3-BF4B-00C04F79EFBC}") = "CanHazFunny", "CanHazFunny.csproj", "{6AE23D1D-11F5-496E-B22B-C9A2B96BAC36}"
EndProject
Global
	GlobalSection(SolutionConfigurationPlatforms) = preSolution
		Debug|Any CPU = Debug|Any CPU
		Release|Any CPU = Release|Any CPU
	EndGlobalSection
	GlobalSection(ProjectConfigurationPlatforms) = postSolution
		{6AE23D1D-11F5-496E-B22B-C9A2B96BAC36}.Debug|Any CPU.ActiveCfg = Debug|Any CPU
		{6AE23D1D-11F5-496E-B22B-C9A2B96BAC36}.Debug|Any CPU.Build.0 = Debug|Any CPU
		{6AE23D1D-11F5-496E-B22B-C9A2B96BAC36}.Release|Any CPU.ActiveCfg = Release|Any CPU
		{6AE23D1D-11F5-496E-B22B-C9A2B96BAC36}.Release|Any CPU.Build.0 = Release|Any CPU
	EndGlobalSection
	GlobalSection(SolutionProperties) = preSolution
		HideSolutionNode = FALSE
	EndGlobalSection
	GlobalSection(ExtensibilityGlobals) = postSolution
		SolutionGuid = {77F746B8-036B-48FB-B3A2-EEBB4A6BDBA3}
	EndGlobalSection
EndGlobal
